// !$*UTF8*$!
{
	archiveVersion = 1;
	classes = {
	};
	objectVersion = 50;
	objects = {

/* Begin PBXBuildFile section */
		ABBED5902379E9420011FB85 /* AppDelegate.swift in Sources */ = {isa = PBXBuildFile; fileRef = ABBED58F2379E9420011FB85 /* AppDelegate.swift */; };
		ABBED5922379E9420011FB85 /* SceneDelegate.swift in Sources */ = {isa = PBXBuildFile; fileRef = ABBED5912379E9420011FB85 /* SceneDelegate.swift */; };
		ABBED5942379E9420011FB85 /* ViewController.swift in Sources */ = {isa = PBXBuildFile; fileRef = ABBED5932379E9420011FB85 /* ViewController.swift */; };
		ABBED5972379E9420011FB85 /* Main.storyboard in Resources */ = {isa = PBXBuildFile; fileRef = ABBED5952379E9420011FB85 /* Main.storyboard */; };
		ABBED5992379E9440011FB85 /* Assets.xcassets in Resources */ = {isa = PBXBuildFile; fileRef = ABBED5982379E9440011FB85 /* Assets.xcassets */; };
		ABBED59C2379E9440011FB85 /* LaunchScreen.storyboard in Resources */ = {isa = PBXBuildFile; fileRef = ABBED59A2379E9440011FB85 /* LaunchScreen.storyboard */; };
		ABBED5A72379E9440011FB85 /* WeatherTests.swift in Sources */ = {isa = PBXBuildFile; fileRef = ABBED5A62379E9440011FB85 /* WeatherTests.swift */; };
		ABBED5B22379E9440011FB85 /* WeatherUITests.swift in Sources */ = {isa = PBXBuildFile; fileRef = ABBED5B12379E9440011FB85 /* WeatherUITests.swift */; };
/* End PBXBuildFile section */

/* Begin PBXContainerItemProxy section */
		ABBED5A32379E9440011FB85 /* PBXContainerItemProxy */ = {
			isa = PBXContainerItemProxy;
			containerPortal = ABBED5842379E9420011FB85 /* Project object */;
			proxyType = 1;
			remoteGlobalIDString = ABBED58B2379E9420011FB85;
			remoteInfo = Weather;
		};
		ABBED5AE2379E9440011FB85 /* PBXContainerItemProxy */ = {
			isa = PBXContainerItemProxy;
			containerPortal = ABBED5842379E9420011FB85 /* Project object */;
			proxyType = 1;
			remoteGlobalIDString = ABBED58B2379E9420011FB85;
			remoteInfo = Weather;
		};
/* End PBXContainerItemProxy section */

/* Begin PBXFileReference section */
		ABBED58C2379E9420011FB85 /* Weather.app */ = {isa = PBXFileReference; explicitFileType = wrapper.application; includeInIndex = 0; path = Weather.app; sourceTree = BUILT_PRODUCTS_DIR; };
		ABBED58F2379E9420011FB85 /* AppDelegate.swift */ = {isa = PBXFileReference; lastKnownFileType = sourcecode.swift; path = AppDelegate.swift; sourceTree = "<group>"; };
		ABBED5912379E9420011FB85 /* SceneDelegate.swift */ = {isa = PBXFileReference; lastKnownFileType = sourcecode.swift; path = SceneDelegate.swift; sourceTree = "<group>"; };
		ABBED5932379E9420011FB85 /* ViewController.swift */ = {isa = PBXFileReference; lastKnownFileType = sourcecode.swift; path = ViewController.swift; sourceTree = "<group>"; };
		ABBED5962379E9420011FB85 /* Base */ = {isa = PBXFileReference; lastKnownFileType = file.storyboard; name = Base; path = Base.lproj/Main.storyboard; sourceTree = "<group>"; };
		ABBED5982379E9440011FB85 /* Assets.xcassets */ = {isa = PBXFileReference; lastKnownFileType = folder.assetcatalog; path = Assets.xcassets; sourceTree = "<group>"; };
		ABBED59B2379E9440011FB85 /* Base */ = {isa = PBXFileReference; lastKnownFileType = file.storyboard; name = Base; path = Base.lproj/LaunchScreen.storyboard; sourceTree = "<group>"; };
		ABBED59D2379E9440011FB85 /* Info.plist */ = {isa = PBXFileReference; lastKnownFileType = text.plist.xml; path = Info.plist; sourceTree = "<group>"; };
		ABBED5A22379E9440011FB85 /* WeatherTests.xctest */ = {isa = PBXFileReference; explicitFileType = wrapper.cfbundle; includeInIndex = 0; path = WeatherTests.xctest; sourceTree = BUILT_PRODUCTS_DIR; };
		ABBED5A62379E9440011FB85 /* WeatherTests.swift */ = {isa = PBXFileReference; lastKnownFileType = sourcecode.swift; path = WeatherTests.swift; sourceTree = "<group>"; };
		ABBED5A82379E9440011FB85 /* Info.plist */ = {isa = PBXFileReference; lastKnownFileType = text.plist.xml; path = Info.plist; sourceTree = "<group>"; };
		ABBED5AD2379E9440011FB85 /* WeatherUITests.xctest */ = {isa = PBXFileReference; explicitFileType = wrapper.cfbundle; includeInIndex = 0; path = WeatherUITests.xctest; sourceTree = BUILT_PRODUCTS_DIR; };
		ABBED5B12379E9440011FB85 /* WeatherUITests.swift */ = {isa = PBXFileReference; lastKnownFileType = sourcecode.swift; path = WeatherUITests.swift; sourceTree = "<group>"; };
		ABBED5B32379E9440011FB85 /* Info.plist */ = {isa = PBXFileReference; lastKnownFileType = text.plist.xml; path = Info.plist; sourceTree = "<group>"; };
/* End PBXFileReference section */

/* Begin PBXFrameworksBuildPhase section */
		ABBED5892379E9420011FB85 /* Frameworks */ = {
			isa = PBXFrameworksBuildPhase;
			buildActionMask = 2147483647;
			files = (
			);
			runOnlyForDeploymentPostprocessing = 0;
		};
		ABBED59F2379E9440011FB85 /* Frameworks */ = {
			isa = PBXFrameworksBuildPhase;
			buildActionMask = 2147483647;
			files = (
			);
			runOnlyForDeploymentPostprocessing = 0;
		};
		ABBED5AA2379E9440011FB85 /* Frameworks */ = {
			isa = PBXFrameworksBuildPhase;
			buildActionMask = 2147483647;
			files = (
			);
			runOnlyForDeploymentPostprocessing = 0;
		};
/* End PBXFrameworksBuildPhase section */

/* Begin PBXGroup section */
		ABBED5832379E9420011FB85 = {
			isa = PBXGroup;
			children = (
				ABBED58E2379E9420011FB85 /* Weather */,
				ABBED5A52379E9440011FB85 /* WeatherTests */,
				ABBED5B02379E9440011FB85 /* WeatherUITests */,
				ABBED58D2379E9420011FB85 /* Products */,
			);
			sourceTree = "<group>";
		};
		ABBED58D2379E9420011FB85 /* Products */ = {
			isa = PBXGroup;
			children = (
				ABBED58C2379E9420011FB85 /* Weather.app */,
				ABBED5A22379E9440011FB85 /* WeatherTests.xctest */,
				ABBED5AD2379E9440011FB85 /* WeatherUITests.xctest */,
			);
			name = Products;
			sourceTree = "<group>";
		};
		ABBED58E2379E9420011FB85 /* Weather */ = {
			isa = PBXGroup;
			children = (
				ABBED58F2379E9420011FB85 /* AppDelegate.swift */,
				ABBED5912379E9420011FB85 /* SceneDelegate.swift */,
				ABBED5932379E9420011FB85 /* ViewController.swift */,
				ABBED5952379E9420011FB85 /* Main.storyboard */,
				ABBED5982379E9440011FB85 /* Assets.xcassets */,
				ABBED59A2379E9440011FB85 /* LaunchScreen.storyboard */,
				ABBED59D2379E9440011FB85 /* Info.plist */,
			);
			path = Weather;
			sourceTree = "<group>";
		};
		ABBED5A52379E9440011FB85 /* WeatherTests */ = {
			isa = PBXGroup;
			children = (
				ABBED5A62379E9440011FB85 /* WeatherTests.swift */,
				ABBED5A82379E9440011FB85 /* Info.plist */,
			);
			path = WeatherTests;
			sourceTree = "<group>";
		};
		ABBED5B02379E9440011FB85 /* WeatherUITests */ = {
			isa = PBXGroup;
			children = (
				ABBED5B12379E9440011FB85 /* WeatherUITests.swift */,
				ABBED5B32379E9440011FB85 /* Info.plist */,
			);
			path = WeatherUITests;
			sourceTree = "<group>";
		};
/* End PBXGroup section */

/* Begin PBXNativeTarget section */
		ABBED58B2379E9420011FB85 /* Weather */ = {
			isa = PBXNativeTarget;
			buildConfigurationList = ABBED5B62379E9440011FB85 /* Build configuration list for PBXNativeTarget "Weather" */;
			buildPhases = (
				ABBED5882379E9420011FB85 /* Sources */,
				ABBED5892379E9420011FB85 /* Frameworks */,
				ABBED58A2379E9420011FB85 /* Resources */,
			);
			buildRules = (
			);
			dependencies = (
			);
			name = Weather;
			productName = Weather;
			productReference = ABBED58C2379E9420011FB85 /* Weather.app */;
			productType = "com.apple.product-type.application";
		};
		ABBED5A12379E9440011FB85 /* WeatherTests */ = {
			isa = PBXNativeTarget;
			buildConfigurationList = ABBED5B92379E9440011FB85 /* Build configuration list for PBXNativeTarget "WeatherTests" */;
			buildPhases = (
				ABBED59E2379E9440011FB85 /* Sources */,
				ABBED59F2379E9440011FB85 /* Frameworks */,
				ABBED5A02379E9440011FB85 /* Resources */,
			);
			buildRules = (
			);
			dependencies = (
				ABBED5A42379E9440011FB85 /* PBXTargetDependency */,
			);
			name = WeatherTests;
			productName = WeatherTests;
			productReference = ABBED5A22379E9440011FB85 /* WeatherTests.xctest */;
			productType = "com.apple.product-type.bundle.unit-test";
		};
		ABBED5AC2379E9440011FB85 /* WeatherUITests */ = {
			isa = PBXNativeTarget;
			buildConfigurationList = ABBED5BC2379E9440011FB85 /* Build configuration list for PBXNativeTarget "WeatherUITests" */;
			buildPhases = (
				ABBED5A92379E9440011FB85 /* Sources */,
				ABBED5AA2379E9440011FB85 /* Frameworks */,
				ABBED5AB2379E9440011FB85 /* Resources */,
			);
			buildRules = (
			);
			dependencies = (
				ABBED5AF2379E9440011FB85 /* PBXTargetDependency */,
			);
			name = WeatherUITests;
			productName = WeatherUITests;
			productReference = ABBED5AD2379E9440011FB85 /* WeatherUITests.xctest */;
			productType = "com.apple.product-type.bundle.ui-testing";
		};
/* End PBXNativeTarget section */

/* Begin PBXProject section */
		ABBED5842379E9420011FB85 /* Project object */ = {
			isa = PBXProject;
			attributes = {
				LastSwiftUpdateCheck = 1110;
				LastUpgradeCheck = 1110;
				ORGANIZATIONNAME = "Narasimha Raja";
				TargetAttributes = {
					ABBED58B2379E9420011FB85 = {
						CreatedOnToolsVersion = 11.1;
					};
					ABBED5A12379E9440011FB85 = {
						CreatedOnToolsVersion = 11.1;
						TestTargetID = ABBED58B2379E9420011FB85;
					};
					ABBED5AC2379E9440011FB85 = {
						CreatedOnToolsVersion = 11.1;
						TestTargetID = ABBED58B2379E9420011FB85;
					};
				};
			};
			buildConfigurationList = ABBED5872379E9420011FB85 /* Build configuration list for PBXProject "Weather" */;
			compatibilityVersion = "Xcode 9.3";
			developmentRegion = en;
			hasScannedForEncodings = 0;
			knownRegions = (
				en,
				Base,
			);
			mainGroup = ABBED5832379E9420011FB85;
			productRefGroup = ABBED58D2379E9420011FB85 /* Products */;
			projectDirPath = "";
			projectRoot = "";
			targets = (
				ABBED58B2379E9420011FB85 /* Weather */,
				ABBED5A12379E9440011FB85 /* WeatherTests */,
				ABBED5AC2379E9440011FB85 /* WeatherUITests */,
			);
		};
/* End PBXProject section */

/* Begin PBXResourcesBuildPhase section */
		ABBED58A2379E9420011FB85 /* Resources */ = {
			isa = PBXResourcesBuildPhase;
			buildActionMask = 2147483647;
			files = (
				ABBED59C2379E9440011FB85 /* LaunchScreen.storyboard in Resources */,
				ABBED5992379E9440011FB85 /* Assets.xcassets in Resources */,
				ABBED5972379E9420011FB85 /* Main.storyboard in Resources */,
			);
			runOnlyForDeploymentPostprocessing = 0;
		};
		ABBED5A02379E9440011FB85 /* Resources */ = {
			isa = PBXResourcesBuildPhase;
			buildActionMask = 2147483647;
			files = (
			);
			runOnlyForDeploymentPostprocessing = 0;
		};
		ABBED5AB2379E9440011FB85 /* Resources */ = {
			isa = PBXResourcesBuildPhase;
			buildActionMask = 2147483647;
			files = (
			);
			runOnlyForDeploymentPostprocessing = 0;
		};
/* End PBXResourcesBuildPhase section */

/* Begin PBXSourcesBuildPhase section */
		ABBED5882379E9420011FB85 /* Sources */ = {
			isa = PBXSourcesBuildPhase;
			buildActionMask = 2147483647;
			files = (
				ABBED5942379E9420011FB85 /* ViewController.swift in Sources */,
				ABBED5902379E9420011FB85 /* AppDelegate.swift in Sources */,
				ABBED5922379E9420011FB85 /* SceneDelegate.swift in Sources */,
			);
			runOnlyForDeploymentPostprocessing = 0;
		};
		ABBED59E2379E9440011FB85 /* Sources */ = {
			isa = PBXSourcesBuildPhase;
			buildActionMask = 2147483647;
			files = (
				ABBED5A72379E9440011FB85 /* WeatherTests.swift in Sources */,
			);
			runOnlyForDeploymentPostprocessing = 0;
		};
		ABBED5A92379E9440011FB85 /* Sources */ = {
			isa = PBXSourcesBuildPhase;
			buildActionMask = 2147483647;
			files = (
				ABBED5B22379E9440011FB85 /* WeatherUITests.swift in Sources */,
			);
			runOnlyForDeploymentPostprocessing = 0;
		};
/* End PBXSourcesBuildPhase section */

/* Begin PBXTargetDependency section */
		ABBED5A42379E9440011FB85 /* PBXTargetDependency */ = {
			isa = PBXTargetDependency;
			target = ABBED58B2379E9420011FB85 /* Weather */;
			targetProxy = ABBED5A32379E9440011FB85 /* PBXContainerItemProxy */;
		};
		ABBED5AF2379E9440011FB85 /* PBXTargetDependency */ = {
			isa = PBXTargetDependency;
			target = ABBED58B2379E9420011FB85 /* Weather */;
			targetProxy = ABBED5AE2379E9440011FB85 /* PBXContainerItemProxy */;
		};
/* End PBXTargetDependency section */

/* Begin PBXVariantGroup section */
		ABBED5952379E9420011FB85 /* Main.storyboard */ = {
			isa = PBXVariantGroup;
			children = (
				ABBED5962379E9420011FB85 /* Base */,
			);
			name = Main.storyboard;
			sourceTree = "<group>";
		};
		ABBED59A2379E9440011FB85 /* LaunchScreen.storyboard */ = {
			isa = PBXVariantGroup;
			children = (
				ABBED59B2379E9440011FB85 /* Base */,
			);
			name = LaunchScreen.storyboard;
			sourceTree = "<group>";
		};
/* End PBXVariantGroup section */

/* Begin XCBuildConfiguration section */
		ABBED5B42379E9440011FB85 /* Debug */ = {
			isa = XCBuildConfiguration;
			buildSettings = {
				ALWAYS_SEARCH_USER_PATHS = NO;
				CLANG_ANALYZER_NONNULL = YES;
				CLANG_ANALYZER_NUMBER_OBJECT_CONVERSION = YES_AGGRESSIVE;
				CLANG_CXX_LANGUAGE_STANDARD = "gnu++14";
				CLANG_CXX_LIBRARY = "libc++";
				CLANG_ENABLE_MODULES = YES;
				CLANG_ENABLE_OBJC_ARC = YES;
				CLANG_ENABLE_OBJC_WEAK = YES;
				CLANG_WARN_BLOCK_CAPTURE_AUTORELEASING = YES;
				CLANG_WARN_BOOL_CONVERSION = YES;
				CLANG_WARN_COMMA = YES;
				CLANG_WARN_CONSTANT_CONVERSION = YES;
				CLANG_WARN_DEPRECATED_OBJC_IMPLEMENTATIONS = YES;
				CLANG_WARN_DIRECT_OBJC_ISA_USAGE = YES_ERROR;
				CLANG_WARN_DOCUMENTATION_COMMENTS = YES;
				CLANG_WARN_EMPTY_BODY = YES;
				CLANG_WARN_ENUM_CONVERSION = YES;
				CLANG_WARN_INFINITE_RECURSION = YES;
				CLANG_WARN_INT_CONVERSION = YES;
				CLANG_WARN_NON_LITERAL_NULL_CONVERSION = YES;
				CLANG_WARN_OBJC_IMPLICIT_RETAIN_SELF = YES;
				CLANG_WARN_OBJC_LITERAL_CONVERSION = YES;
				CLANG_WARN_OBJC_ROOT_CLASS = YES_ERROR;
				CLANG_WARN_RANGE_LOOP_ANALYSIS = YES;
				CLANG_WARN_STRICT_PROTOTYPES = YES;
				CLANG_WARN_SUSPICIOUS_MOVE = YES;
				CLANG_WARN_UNGUARDED_AVAILABILITY = YES_AGGRESSIVE;
				CLANG_WARN_UNREACHABLE_CODE = YES;
				CLANG_WARN__DUPLICATE_METHOD_MATCH = YES;
				COPY_PHASE_STRIP = NO;
				DEBUG_INFORMATION_FORMAT = dwarf;
				ENABLE_STRICT_OBJC_MSGSEND = YES;
				ENABLE_TESTABILITY = YES;
				GCC_C_LANGUAGE_STANDARD = gnu11;
				GCC_DYNAMIC_NO_PIC = NO;
				GCC_NO_COMMON_BLOCKS = YES;
				GCC_OPTIMIZATION_LEVEL = 0;
				GCC_PREPROCESSOR_DEFINITIONS = (
					"DEBUG=1",
					"$(inherited)",
				);
				GCC_WARN_64_TO_32_BIT_CONVERSION = YES;
				GCC_WARN_ABOUT_RETURN_TYPE = YES_ERROR;
				GCC_WARN_UNDECLARED_SELECTOR = YES;
				GCC_WARN_UNINITIALIZED_AUTOS = YES_AGGRESSIVE;
				GCC_WARN_UNUSED_FUNCTION = YES;
				GCC_WARN_UNUSED_VARIABLE = YES;
				IPHONEOS_DEPLOYMENT_TARGET = 13.1;
				MTL_ENABLE_DEBUG_INFO = INCLUDE_SOURCE;
				MTL_FAST_MATH = YES;
				ONLY_ACTIVE_ARCH = YES;
				SDKROOT = iphoneos;
				SWIFT_ACTIVE_COMPILATION_CONDITIONS = DEBUG;
				SWIFT_OPTIMIZATION_LEVEL = "-Onone";
			};
			name = Debug;
		};
		ABBED5B52379E9440011FB85 /* Release */ = {
			isa = XCBuildConfiguration;
			buildSettings = {
				ALWAYS_SEARCH_USER_PATHS = NO;
				CLANG_ANALYZER_NONNULL = YES;
				CLANG_ANALYZER_NUMBER_OBJECT_CONVERSION = YES_AGGRESSIVE;
				CLANG_CXX_LANGUAGE_STANDARD = "gnu++14";
				CLANG_CXX_LIBRARY = "libc++";
				CLANG_ENABLE_MODULES = YES;
				CLANG_ENABLE_OBJC_ARC = YES;
				CLANG_ENABLE_OBJC_WEAK = YES;
				CLANG_WARN_BLOCK_CAPTURE_AUTORELEASING = YES;
				CLANG_WARN_BOOL_CONVERSION = YES;
				CLANG_WARN_COMMA = YES;
				CLANG_WARN_CONSTANT_CONVERSION = YES;
				CLANG_WARN_DEPRECATED_OBJC_IMPLEMENTATIONS = YES;
				CLANG_WARN_DIRECT_OBJC_ISA_USAGE = YES_ERROR;
				CLANG_WARN_DOCUMENTATION_COMMENTS = YES;
				CLANG_WARN_EMPTY_BODY = YES;
				CLANG_WARN_ENUM_CONVERSION = YES;
				CLANG_WARN_INFINITE_RECURSION = YES;
				CLANG_WARN_INT_CONVERSION = YES;
				CLANG_WARN_NON_LITERAL_NULL_CONVERSION = YES;
				CLANG_WARN_OBJC_IMPLICIT_RETAIN_SELF = YES;
				CLANG_WARN_OBJC_LITERAL_CONVERSION = YES;
				CLANG_WARN_OBJC_ROOT_CLASS = YES_ERROR;
				CLANG_WARN_RANGE_LOOP_ANALYSIS = YES;
				CLANG_WARN_STRICT_PROTOTYPES = YES;
				CLANG_WARN_SUSPICIOUS_MOVE = YES;
				CLANG_WARN_UNGUARDED_AVAILABILITY = YES_AGGRESSIVE;
				CLANG_WARN_UNREACHABLE_CODE = YES;
				CLANG_WARN__DUPLICATE_METHOD_MATCH = YES;
				COPY_PHASE_STRIP = NO;
				DEBUG_INFORMATION_FORMAT = "dwarf-with-dsym";
				ENABLE_NS_ASSERTIONS = NO;
				ENABLE_STRICT_OBJC_MSGSEND = YES;
				GCC_C_LANGUAGE_STANDARD = gnu11;
				GCC_NO_COMMON_BLOCKS = YES;
				GCC_WARN_64_TO_32_BIT_CONVERSION = YES;
				GCC_WARN_ABOUT_RETURN_TYPE = YES_ERROR;
				GCC_WARN_UNDECLARED_SELECTOR = YES;
				GCC_WARN_UNINITIALIZED_AUTOS = YES_AGGRESSIVE;
				GCC_WARN_UNUSED_FUNCTION = YES;
				GCC_WARN_UNUSED_VARIABLE = YES;
				IPHONEOS_DEPLOYMENT_TARGET = 13.1;
				MTL_ENABLE_DEBUG_INFO = NO;
				MTL_FAST_MATH = YES;
				SDKROOT = iphoneos;
				SWIFT_COMPILATION_MODE = wholemodule;
				SWIFT_OPTIMIZATION_LEVEL = "-O";
				VALIDATE_PRODUCT = YES;
			};
			name = Release;
		};
		ABBED5B72379E9440011FB85 /* Debug */ = {
			isa = XCBuildConfiguration;
			buildSettings = {
				ASSETCATALOG_COMPILER_APPICON_NAME = AppIcon;
				CODE_SIGN_STYLE = Automatic;
				INFOPLIST_FILE = Weather/Info.plist;
				LD_RUNPATH_SEARCH_PATHS = (
					"$(inherited)",
					"@executable_path/Frameworks",
				);
				PRODUCT_BUNDLE_IDENTIFIER = com.snraja.ios.Weather;
				PRODUCT_NAME = "$(TARGET_NAME)";
				SWIFT_VERSION = 5.0;
				TARGETED_DEVICE_FAMILY = "1,2";
			};
			name = Debug;
		};
		ABBED5B82379E9440011FB85 /* Release */ = {
			isa = XCBuildConfiguration;
			buildSettings = {
				ASSETCATALOG_COMPILER_APPICON_NAME = AppIcon;
				CODE_SIGN_STYLE = Automatic;
				INFOPLIST_FILE = Weather/Info.plist;
				LD_RUNPATH_SEARCH_PATHS = (
					"$(inherited)",
					"@executable_path/Frameworks",
				);
				PRODUCT_BUNDLE_IDENTIFIER = com.snraja.ios.Weather;
				PRODUCT_NAME = "$(TARGET_NAME)";
				SWIFT_VERSION = 5.0;
				TARGETED_DEVICE_FAMILY = "1,2";
			};
			name = Release;
		};
		ABBED5BA2379E9440011FB85 /* Debug */ = {
			isa = XCBuildConfiguration;
			buildSettings = {
				ALWAYS_EMBED_SWIFT_STANDARD_LIBRARIES = YES;
				BUNDLE_LOADER = "$(TEST_HOST)";
				CODE_SIGN_STYLE = Automatic;
				INFOPLIST_FILE = WeatherTests/Info.plist;
				IPHONEOS_DEPLOYMENT_TARGET = 13.1;
				LD_RUNPATH_SEARCH_PATHS = (
					"$(inherited)",
					"@executable_path/Frameworks",
					"@loader_path/Frameworks",
				);
				PRODUCT_BUNDLE_IDENTIFIER = com.snraja.ios.WeatherTests;
				PRODUCT_NAME = "$(TARGET_NAME)";
				SWIFT_VERSION = 5.0;
				TARGETED_DEVICE_FAMILY = "1,2";
				TEST_HOST = "$(BUILT_PRODUCTS_DIR)/Weather.app/Weather";
			};
			name = Debug;
		};
		ABBED5BB2379E9440011FB85 /* Release */ = {
			isa = XCBuildConfiguration;
			buildSettings = {
				ALWAYS_EMBED_SWIFT_STANDARD_LIBRARIES = YES;
				BUNDLE_LOADER = "$(TEST_HOST)";
				CODE_SIGN_STYLE = Automatic;
				INFOPLIST_FILE = WeatherTests/Info.plist;
				IPHONEOS_DEPLOYMENT_TARGET = 13.1;
				LD_RUNPATH_SEARCH_PATHS = (
					"$(inherited)",
					"@executable_path/Frameworks",
					"@loader_path/Frameworks",
				);
				PRODUCT_BUNDLE_IDENTIFIER = com.snraja.ios.WeatherTests;
				PRODUCT_NAME = "$(TARGET_NAME)";
				SWIFT_VERSION = 5.0;
				TARGETED_DEVICE_FAMILY = "1,2";
				TEST_HOST = "$(BUILT_PRODUCTS_DIR)/Weather.app/Weather";
			};
			name = Release;
		};
		ABBED5BD2379E9440011FB85 /* Debug */ = {
			isa = XCBuildConfiguration;
			buildSettings = {
				ALWAYS_EMBED_SWIFT_STANDARD_LIBRARIES = YES;
				CODE_SIGN_STYLE = Automatic;
				INFOPLIST_FILE = WeatherUITests/Info.plist;
				LD_RUNPATH_SEARCH_PATHS = (
					"$(inherited)",
					"@executable_path/Frameworks",
					"@loader_path/Frameworks",
				);
				PRODUCT_BUNDLE_IDENTIFIER = com.snraja.ios.WeatherUITests;
				PRODUCT_NAME = "$(TARGET_NAME)";
				SWIFT_VERSION = 5.0;
				TARGETED_DEVICE_FAMILY = "1,2";
				TEST_TARGET_NAME = Weather;
			};
			name = Debug;
		};
		ABBED5BE2379E9440011FB85 /* Release */ = {
			isa = XCBuildConfiguration;
			buildSettings = {
				ALWAYS_EMBED_SWIFT_STANDARD_LIBRARIES = YES;
				CODE_SIGN_STYLE = Automatic;
				INFOPLIST_FILE = WeatherUITests/Info.plist;
				LD_RUNPATH_SEARCH_PATHS = (
					"$(inherited)",
					"@executable_path/Frameworks",
					"@loader_path/Frameworks",
				);
				PRODUCT_BUNDLE_IDENTIFIER = com.snraja.ios.WeatherUITests;
				PRODUCT_NAME = "$(TARGET_NAME)";
				SWIFT_VERSION = 5.0;
				TARGETED_DEVICE_FAMILY = "1,2";
				TEST_TARGET_NAME = Weather;
			};
			name = Release;
		};
/* End XCBuildConfiguration section */

/* Begin XCConfigurationList section */
		ABBED5872379E9420011FB85 /* Build configuration list for PBXProject "Weather" */ = {
			isa = XCConfigurationList;
			buildConfigurations = (
				ABBED5B42379E9440011FB85 /* Debug */,
				ABBED5B52379E9440011FB85 /* Release */,
			);
			defaultConfigurationIsVisible = 0;
			defaultConfigurationName = Release;
		};
		ABBED5B62379E9440011FB85 /* Build configuration list for PBXNativeTarget "Weather" */ = {
			isa = XCConfigurationList;
			buildConfigurations = (
				ABBED5B72379E9440011FB85 /* Debug */,
				ABBED5B82379E9440011FB85 /* Release */,
			);
			defaultConfigurationIsVisible = 0;
			defaultConfigurationName = Release;
		};
		ABBED5B92379E9440011FB85 /* Build configuration list for PBXNativeTarget "WeatherTests" */ = {
			isa = XCConfigurationList;
			buildConfigurations = (
				ABBED5BA2379E9440011FB85 /* Debug */,
				ABBED5BB2379E9440011FB85 /* Release */,
			);
			defaultConfigurationIsVisible = 0;
			defaultConfigurationName = Release;
		};
		ABBED5BC2379E9440011FB85 /* Build configuration list for PBXNativeTarget "WeatherUITests" */ = {
			isa = XCConfigurationList;
			buildConfigurations = (
				ABBED5BD2379E9440011FB85 /* Debug */,
				ABBED5BE2379E9440011FB85 /* Release */,
			);
			defaultConfigurationIsVisible = 0;
			defaultConfigurationName = Release;
		};
/* End XCConfigurationList section */
	};
	rootObject = ABBED5842379E9420011FB85 /* Project object */;
}
